
Microsoft Visual Studio Solution File, Format Version 11.00
# Visual Studio 2010
Project("{FAE04EC0-301F-11D3-BF4B-00C04F79EFBC}") = "UnitTestingRoutes", "UnitTestingRoutes.csproj", "{0D29FD05-6BE2-40C6-A7B5-B9FD380A400B}"
EndProject
Project("{FAE04EC0-301F-11D3-BF4B-00C04F79EFBC}") = "Tests", "..\Tests\Tests.csproj", "{3CF8514F-8AEB-4AD4-BCF1-613129B1205A}"
EndProject
Global
	GlobalSection(SolutionConfigurationPlatforms) = preSolution
		Debug|Any CPU = Debug|Any CPU
		Release|Any CPU = Release|Any CPU
	EndGlobalSection
	GlobalSection(ProjectConfigurationPlatforms) = postSolution
		{0D29FD05-6BE2-40C6-A7B5-B9FD380A400B}.Debug|Any CPU.ActiveCfg = Debug|Any CPU
		{0D29FD05-6BE2-40C6-A7B5-B9FD380A400B}.Debug|Any CPU.Build.0 = Debug|Any CPU
		{0D29FD05-6BE2-40C6-A7B5-B9FD380A400B}.Release|Any CPU.ActiveCfg = Release|Any CPU
		{0D29FD05-6BE2-40C6-A7B5-B9FD380A400B}.Release|Any CPU.Build.0 = Release|Any CPU
		{3CF8514F-8AEB-4AD4-BCF1-613129B1205A}.Debug|Any CPU.ActiveCfg = Debug|Any CPU
		{3CF8514F-8AEB-4AD4-BCF1-613129B1205A}.Debug|Any CPU.Build.0 = Debug|Any CPU
		{3CF8514F-8AEB-4AD4-BCF1-613129B1205A}.Release|Any CPU.ActiveCfg = Release|Any CPU
		{3CF8514F-8AEB-4AD4-BCF1-613129B1205A}.Release|Any CPU.Build.0 = Release|Any CPU
	EndGlobalSection
	GlobalSection(SolutionProperties) = preSolution
		HideSolutionNode = FALSE
	EndGlobalSection
EndGlobal
